
Microsoft Visual Studio Solution File, Format Version 12.00
# Visual Studio Version 17
VisualStudioVersion = 17.2.32616.157
MinimumVisualStudioVersion = 10.0.40219.1
Project("{FAE04EC0-301F-11D3-BF4B-00C04F79EFBC}") = "WebProxy", "WebProxy\WebProxy.csproj", "{910A05A8-3EB9-48C7-9D97-4B06EC3F619C}"
EndProject
Project("{FAE04EC0-301F-11D3-BF4B-00C04F79EFBC}") = "WebProxyTests", "WebProxyTests\WebProxyTests.csproj", "{4BE52687-80A9-4C57-8391-31EA8FA4129F}"
EndProject
Project("{FAE04EC0-301F-11D3-BF4B-00C04F79EFBC}") = "BPUtil", "..\BPUtil\BPUtil\BPUtil.csproj", "{A4981D8D-DEBF-4B34-B9CE-FF25520A02B7}"
EndProject
Global
	GlobalSection(SolutionConfigurationPlatforms) = preSolution
		Debug|Any CPU = Debug|Any CPU
		Release|Any CPU = Release|Any CPU
	EndGlobalSection
	GlobalSection(ProjectConfigurationPlatforms) = postSolution
		{910A05A8-3EB9-48C7-9D97-4B06EC3F619C}.Debug|Any CPU.ActiveCfg = Debug|Any CPU
		{910A05A8-3EB9-48C7-9D97-4B06EC3F619C}.Debug|Any CPU.Build.0 = Debug|Any CPU
		{910A05A8-3EB9-48C7-9D97-4B06EC3F619C}.Release|Any CPU.ActiveCfg = Release|Any CPU
		{910A05A8-3EB9-48C7-9D97-4B06EC3F619C}.Release|Any CPU.Build.0 = Release|Any CPU
		{4BE52687-80A9-4C57-8391-31EA8FA4129F}.Debug|Any CPU.ActiveCfg = Debug|Any CPU
		{4BE52687-80A9-4C57-8391-31EA8FA4129F}.Debug|Any CPU.Build.0 = Debug|Any CPU
		{4BE52687-80A9-4C57-8391-31EA8FA4129F}.Release|Any CPU.ActiveCfg = Release|Any CPU
		{4BE52687-80A9-4C57-8391-31EA8FA4129F}.Release|Any CPU.Build.0 = Release|Any CPU
		{A4981D8D-DEBF-4B34-B9CE-FF25520A02B7}.Debug|Any CPU.ActiveCfg = Debug|Any CPU
		{A4981D8D-DEBF-4B34-B9CE-FF25520A02B7}.Debug|Any CPU.Build.0 = Debug|Any CPU
		{A4981D8D-DEBF-4B34-B9CE-FF25520A02B7}.Release|Any CPU.ActiveCfg = Release|Any CPU
		{A4981D8D-DEBF-4B34-B9CE-FF25520A02B7}.Release|Any CPU.Build.0 = Release|Any CPU
	EndGlobalSection
	GlobalSection(SolutionProperties) = preSolution
		HideSolutionNode = FALSE
	EndGlobalSection
	GlobalSection(ExtensibilityGlobals) = postSolution
		SolutionGuid = {C162A4DD-5A0A-43CD-803F-BB8CBF64C3A2}
	EndGlobalSection
EndGlobal
